// !$*UTF8*$!
{
	archiveVersion = 1;
	classes = {
	};
	objectVersion = 50;
	objects = {

/* Begin PBXBuildFile section */
		023C6EE323C795C100AB470F /* AppDelegate.swift in Sources */ = {isa = PBXBuildFile; fileRef = 023C6EE223C795C100AB470F /* AppDelegate.swift */; };
		023C6EE523C795C100AB470F /* SceneDelegate.swift in Sources */ = {isa = PBXBuildFile; fileRef = 023C6EE423C795C100AB470F /* SceneDelegate.swift */; };
		023C6EE723C795C100AB470F /* ContentView.swift in Sources */ = {isa = PBXBuildFile; fileRef = 023C6EE623C795C100AB470F /* ContentView.swift */; };
		023C6EE923C795C200AB470F /* Assets.xcassets in Resources */ = {isa = PBXBuildFile; fileRef = 023C6EE823C795C200AB470F /* Assets.xcassets */; };
		023C6EEC23C795C200AB470F /* Preview Assets.xcassets in Resources */ = {isa = PBXBuildFile; fileRef = 023C6EEB23C795C200AB470F /* Preview Assets.xcassets */; };
		023C6EEF23C795C200AB470F /* LaunchScreen.storyboard in Resources */ = {isa = PBXBuildFile; fileRef = 023C6EED23C795C200AB470F /* LaunchScreen.storyboard */; };
		023C6EFA23C795C300AB470F /* Terceira_AulaTests.swift in Sources */ = {isa = PBXBuildFile; fileRef = 023C6EF923C795C300AB470F /* Terceira_AulaTests.swift */; };
		023C6F0523C795C300AB470F /* Terceira_AulaUITests.swift in Sources */ = {isa = PBXBuildFile; fileRef = 023C6F0423C795C300AB470F /* Terceira_AulaUITests.swift */; };
/* End PBXBuildFile section */

/* Begin PBXContainerItemProxy section */
		023C6EF623C795C300AB470F /* PBXContainerItemProxy */ = {
			isa = PBXContainerItemProxy;
			containerPortal = 023C6ED723C795C100AB470F /* Project object */;
			proxyType = 1;
			remoteGlobalIDString = 023C6EDE23C795C100AB470F;
			remoteInfo = Terceira_Aula;
		};
		023C6F0123C795C300AB470F /* PBXContainerItemProxy */ = {
			isa = PBXContainerItemProxy;
			containerPortal = 023C6ED723C795C100AB470F /* Project object */;
			proxyType = 1;
			remoteGlobalIDString = 023C6EDE23C795C100AB470F;
			remoteInfo = Terceira_Aula;
		};
/* End PBXContainerItemProxy section */

/* Begin PBXFileReference section */
		023C6EDF23C795C100AB470F /* Terceira_Aula.app */ = {isa = PBXFileReference; explicitFileType = wrapper.application; includeInIndex = 0; path = Terceira_Aula.app; sourceTree = BUILT_PRODUCTS_DIR; };
		023C6EE223C795C100AB470F /* AppDelegate.swift */ = {isa = PBXFileReference; lastKnownFileType = sourcecode.swift; path = AppDelegate.swift; sourceTree = "<group>"; };
		023C6EE423C795C100AB470F /* SceneDelegate.swift */ = {isa = PBXFileReference; lastKnownFileType = sourcecode.swift; path = SceneDelegate.swift; sourceTree = "<group>"; };
		023C6EE623C795C100AB470F /* ContentView.swift */ = {isa = PBXFileReference; lastKnownFileType = sourcecode.swift; path = ContentView.swift; sourceTree = "<group>"; };
		023C6EE823C795C200AB470F /* Assets.xcassets */ = {isa = PBXFileReference; lastKnownFileType = folder.assetcatalog; path = Assets.xcassets; sourceTree = "<group>"; };
		023C6EEB23C795C200AB470F /* Preview Assets.xcassets */ = {isa = PBXFileReference; lastKnownFileType = folder.assetcatalog; path = "Preview Assets.xcassets"; sourceTree = "<group>"; };
		023C6EEE23C795C200AB470F /* Base */ = {isa = PBXFileReference; lastKnownFileType = file.storyboard; name = Base; path = Base.lproj/LaunchScreen.storyboard; sourceTree = "<group>"; };
		023C6EF023C795C200AB470F /* Info.plist */ = {isa = PBXFileReference; lastKnownFileType = text.plist.xml; path = Info.plist; sourceTree = "<group>"; };
		023C6EF523C795C300AB470F /* Terceira_AulaTests.xctest */ = {isa = PBXFileReference; explicitFileType = wrapper.cfbundle; includeInIndex = 0; path = Terceira_AulaTests.xctest; sourceTree = BUILT_PRODUCTS_DIR; };
		023C6EF923C795C300AB470F /* Terceira_AulaTests.swift */ = {isa = PBXFileReference; lastKnownFileType = sourcecode.swift; path = Terceira_AulaTests.swift; sourceTree = "<group>"; };
		023C6EFB23C795C300AB470F /* Info.plist */ = {isa = PBXFileReference; lastKnownFileType = text.plist.xml; path = Info.plist; sourceTree = "<group>"; };
		023C6F0023C795C300AB470F /* Terceira_AulaUITests.xctest */ = {isa = PBXFileReference; explicitFileType = wrapper.cfbundle; includeInIndex = 0; path = Terceira_AulaUITests.xctest; sourceTree = BUILT_PRODUCTS_DIR; };
		023C6F0423C795C300AB470F /* Terceira_AulaUITests.swift */ = {isa = PBXFileReference; lastKnownFileType = sourcecode.swift; path = Terceira_AulaUITests.swift; sourceTree = "<group>"; };
		023C6F0623C795C300AB470F /* Info.plist */ = {isa = PBXFileReference; lastKnownFileType = text.plist.xml; path = Info.plist; sourceTree = "<group>"; };
/* End PBXFileReference section */

/* Begin PBXFrameworksBuildPhase section */
		023C6EDC23C795C100AB470F /* Frameworks */ = {
			isa = PBXFrameworksBuildPhase;
			buildActionMask = 2147483647;
			files = (
			);
			runOnlyForDeploymentPostprocessing = 0;
		};
		023C6EF223C795C300AB470F /* Frameworks */ = {
			isa = PBXFrameworksBuildPhase;
			buildActionMask = 2147483647;
			files = (
			);
			runOnlyForDeploymentPostprocessing = 0;
		};
		023C6EFD23C795C300AB470F /* Frameworks */ = {
			isa = PBXFrameworksBuildPhase;
			buildActionMask = 2147483647;
			files = (
			);
			runOnlyForDeploymentPostprocessing = 0;
		};
/* End PBXFrameworksBuildPhase section */

/* Begin PBXGroup section */
		023C6ED623C795C100AB470F = {
			isa = PBXGroup;
			children = (
				023C6EE123C795C100AB470F /* Terceira_Aula */,
				023C6EF823C795C300AB470F /* Terceira_AulaTests */,
				023C6F0323C795C300AB470F /* Terceira_AulaUITests */,
				023C6EE023C795C100AB470F /* Products */,
			);
			sourceTree = "<group>";
		};
		023C6EE023C795C100AB470F /* Products */ = {
			isa = PBXGroup;
			children = (
				023C6EDF23C795C100AB470F /* Terceira_Aula.app */,
				023C6EF523C795C300AB470F /* Terceira_AulaTests.xctest */,
				023C6F0023C795C300AB470F /* Terceira_AulaUITests.xctest */,
			);
			name = Products;
			sourceTree = "<group>";
		};
		023C6EE123C795C100AB470F /* Terceira_Aula */ = {
			isa = PBXGroup;
			children = (
				023C6EE223C795C100AB470F /* AppDelegate.swift */,
				023C6EE423C795C100AB470F /* SceneDelegate.swift */,
				023C6EE623C795C100AB470F /* ContentView.swift */,
				023C6EE823C795C200AB470F /* Assets.xcassets */,
				023C6EED23C795C200AB470F /* LaunchScreen.storyboard */,
				023C6EF023C795C200AB470F /* Info.plist */,
				023C6EEA23C795C200AB470F /* Preview Content */,
			);
			path = Terceira_Aula;
			sourceTree = "<group>";
		};
		023C6EEA23C795C200AB470F /* Preview Content */ = {
			isa = PBXGroup;
			children = (
				023C6EEB23C795C200AB470F /* Preview Assets.xcassets */,
			);
			path = "Preview Content";
			sourceTree = "<group>";
		};
		023C6EF823C795C300AB470F /* Terceira_AulaTests */ = {
			isa = PBXGroup;
			children = (
				023C6EF923C795C300AB470F /* Terceira_AulaTests.swift */,
				023C6EFB23C795C300AB470F /* Info.plist */,
			);
			path = Terceira_AulaTests;
			sourceTree = "<group>";
		};
		023C6F0323C795C300AB470F /* Terceira_AulaUITests */ = {
			isa = PBXGroup;
			children = (
				023C6F0423C795C300AB470F /* Terceira_AulaUITests.swift */,
				023C6F0623C795C300AB470F /* Info.plist */,
			);
			path = Terceira_AulaUITests;
			sourceTree = "<group>";
		};
/* End PBXGroup section */

/* Begin PBXNativeTarget section */
		023C6EDE23C795C100AB470F /* Terceira_Aula */ = {
			isa = PBXNativeTarget;
			buildConfigurationList = 023C6F0923C795C300AB470F /* Build configuration list for PBXNativeTarget "Terceira_Aula" */;
			buildPhases = (
				023C6EDB23C795C100AB470F /* Sources */,
				023C6EDC23C795C100AB470F /* Frameworks */,
				023C6EDD23C795C100AB470F /* Resources */,
			);
			buildRules = (
			);
			dependencies = (
			);
			name = Terceira_Aula;
			productName = Terceira_Aula;
			productReference = 023C6EDF23C795C100AB470F /* Terceira_Aula.app */;
			productType = "com.apple.product-type.application";
		};
		023C6EF423C795C300AB470F /* Terceira_AulaTests */ = {
			isa = PBXNativeTarget;
			buildConfigurationList = 023C6F0C23C795C300AB470F /* Build configuration list for PBXNativeTarget "Terceira_AulaTests" */;
			buildPhases = (
				023C6EF123C795C300AB470F /* Sources */,
				023C6EF223C795C300AB470F /* Frameworks */,
				023C6EF323C795C300AB470F /* Resources */,
			);
			buildRules = (
			);
			dependencies = (
				023C6EF723C795C300AB470F /* PBXTargetDependency */,
			);
			name = Terceira_AulaTests;
			productName = Terceira_AulaTests;
			productReference = 023C6EF523C795C300AB470F /* Terceira_AulaTests.xctest */;
			productType = "com.apple.product-type.bundle.unit-test";
		};
		023C6EFF23C795C300AB470F /* Terceira_AulaUITests */ = {
			isa = PBXNativeTarget;
			buildConfigurationList = 023C6F0F23C795C300AB470F /* Build configuration list for PBXNativeTarget "Terceira_AulaUITests" */;
			buildPhases = (
				023C6EFC23C795C300AB470F /* Sources */,
				023C6EFD23C795C300AB470F /* Frameworks */,
				023C6EFE23C795C300AB470F /* Resources */,
			);
			buildRules = (
			);
			dependencies = (
				023C6F0223C795C300AB470F /* PBXTargetDependency */,
			);
			name = Terceira_AulaUITests;
			productName = Terceira_AulaUITests;
			productReference = 023C6F0023C795C300AB470F /* Terceira_AulaUITests.xctest */;
			productType = "com.apple.product-type.bundle.ui-testing";
		};
/* End PBXNativeTarget section */

/* Begin PBXProject section */
		023C6ED723C795C100AB470F /* Project object */ = {
			isa = PBXProject;
			attributes = {
				LastSwiftUpdateCheck = 1130;
				LastUpgradeCheck = 1130;
				ORGANIZATIONNAME = "Gabriel Fanto";
				TargetAttributes = {
					023C6EDE23C795C100AB470F = {
						CreatedOnToolsVersion = 11.3;
					};
					023C6EF423C795C300AB470F = {
						CreatedOnToolsVersion = 11.3;
						TestTargetID = 023C6EDE23C795C100AB470F;
					};
					023C6EFF23C795C300AB470F = {
						CreatedOnToolsVersion = 11.3;
						TestTargetID = 023C6EDE23C795C100AB470F;
					};
				};
			};
			buildConfigurationList = 023C6EDA23C795C100AB470F /* Build configuration list for PBXProject "Terceira_Aula" */;
			compatibilityVersion = "Xcode 9.3";
			developmentRegion = en;
			hasScannedForEncodings = 0;
			knownRegions = (
				en,
				Base,
			);
			mainGroup = 023C6ED623C795C100AB470F;
			productRefGroup = 023C6EE023C795C100AB470F /* Products */;
			projectDirPath = "";
			projectRoot = "";
			targets = (
				023C6EDE23C795C100AB470F /* Terceira_Aula */,
				023C6EF423C795C300AB470F /* Terceira_AulaTests */,
				023C6EFF23C795C300AB470F /* Terceira_AulaUITests */,
			);
		};
/* End PBXProject section */

/* Begin PBXResourcesBuildPhase section */
		023C6EDD23C795C100AB470F /* Resources */ = {
			isa = PBXResourcesBuildPhase;
			buildActionMask = 2147483647;
			files = (
				023C6EEF23C795C200AB470F /* LaunchScreen.storyboard in Resources */,
				023C6EEC23C795C200AB470F /* Preview Assets.xcassets in Resources */,
				023C6EE923C795C200AB470F /* Assets.xcassets in Resources */,
			);
			runOnlyForDeploymentPostprocessing = 0;
		};
		023C6EF323C795C300AB470F /* Resources */ = {
			isa = PBXResourcesBuildPhase;
			buildActionMask = 2147483647;
			files = (
			);
			runOnlyForDeploymentPostprocessing = 0;
		};
		023C6EFE23C795C300AB470F /* Resources */ = {
			isa = PBXResourcesBuildPhase;
			buildActionMask = 2147483647;
			files = (
			);
			runOnlyForDeploymentPostprocessing = 0;
		};
/* End PBXResourcesBuildPhase section */

/* Begin PBXSourcesBuildPhase section */
		023C6EDB23C795C100AB470F /* Sources */ = {
			isa = PBXSourcesBuildPhase;
			buildActionMask = 2147483647;
			files = (
				023C6EE323C795C100AB470F /* AppDelegate.swift in Sources */,
				023C6EE523C795C100AB470F /* SceneDelegate.swift in Sources */,
				023C6EE723C795C100AB470F /* ContentView.swift in Sources */,
			);
			runOnlyForDeploymentPostprocessing = 0;
		};
		023C6EF123C795C300AB470F /* Sources */ = {
			isa = PBXSourcesBuildPhase;
			buildActionMask = 2147483647;
			files = (
				023C6EFA23C795C300AB470F /* Terceira_AulaTests.swift in Sources */,
			);
			runOnlyForDeploymentPostprocessing = 0;
		};
		023C6EFC23C795C300AB470F /* Sources */ = {
			isa = PBXSourcesBuildPhase;
			buildActionMask = 2147483647;
			files = (
				023C6F0523C795C300AB470F /* Terceira_AulaUITests.swift in Sources */,
			);
			runOnlyForDeploymentPostprocessing = 0;
		};
/* End PBXSourcesBuildPhase section */

/* Begin PBXTargetDependency section */
		023C6EF723C795C300AB470F /* PBXTargetDependency */ = {
			isa = PBXTargetDependency;
			target = 023C6EDE23C795C100AB470F /* Terceira_Aula */;
			targetProxy = 023C6EF623C795C300AB470F /* PBXContainerItemProxy */;
		};
		023C6F0223C795C300AB470F /* PBXTargetDependency */ = {
			isa = PBXTargetDependency;
			target = 023C6EDE23C795C100AB470F /* Terceira_Aula */;
			targetProxy = 023C6F0123C795C300AB470F /* PBXContainerItemProxy */;
		};
/* End PBXTargetDependency section */

/* Begin PBXVariantGroup section */
		023C6EED23C795C200AB470F /* LaunchScreen.storyboard */ = {
			isa = PBXVariantGroup;
			children = (
				023C6EEE23C795C200AB470F /* Base */,
			);
			name = LaunchScreen.storyboard;
			sourceTree = "<group>";
		};
/* End PBXVariantGroup section */

/* Begin XCBuildConfiguration section */
		023C6F0723C795C300AB470F /* Debug */ = {
			isa = XCBuildConfiguration;
			buildSettings = {
				ALWAYS_SEARCH_USER_PATHS = NO;
				CLANG_ANALYZER_NONNULL = YES;
				CLANG_ANALYZER_NUMBER_OBJECT_CONVERSION = YES_AGGRESSIVE;
				CLANG_CXX_LANGUAGE_STANDARD = "gnu++14";
				CLANG_CXX_LIBRARY = "libc++";
				CLANG_ENABLE_MODULES = YES;
				CLANG_ENABLE_OBJC_ARC = YES;
				CLANG_ENABLE_OBJC_WEAK = YES;
				CLANG_WARN_BLOCK_CAPTURE_AUTORELEASING = YES;
				CLANG_WARN_BOOL_CONVERSION = YES;
				CLANG_WARN_COMMA = YES;
				CLANG_WARN_CONSTANT_CONVERSION = YES;
				CLANG_WARN_DEPRECATED_OBJC_IMPLEMENTATIONS = YES;
				CLANG_WARN_DIRECT_OBJC_ISA_USAGE = YES_ERROR;
				CLANG_WARN_DOCUMENTATION_COMMENTS = YES;
				CLANG_WARN_EMPTY_BODY = YES;
				CLANG_WARN_ENUM_CONVERSION = YES;
				CLANG_WARN_INFINITE_RECURSION = YES;
				CLANG_WARN_INT_CONVERSION = YES;
				CLANG_WARN_NON_LITERAL_NULL_CONVERSION = YES;
				CLANG_WARN_OBJC_IMPLICIT_RETAIN_SELF = YES;
				CLANG_WARN_OBJC_LITERAL_CONVERSION = YES;
				CLANG_WARN_OBJC_ROOT_CLASS = YES_ERROR;
				CLANG_WARN_RANGE_LOOP_ANALYSIS = YES;
				CLANG_WARN_STRICT_PROTOTYPES = YES;
				CLANG_WARN_SUSPICIOUS_MOVE = YES;
				CLANG_WARN_UNGUARDED_AVAILABILITY = YES_AGGRESSIVE;
				CLANG_WARN_UNREACHABLE_CODE = YES;
				CLANG_WARN__DUPLICATE_METHOD_MATCH = YES;
				COPY_PHASE_STRIP = NO;
				DEBUG_INFORMATION_FORMAT = dwarf;
				ENABLE_STRICT_OBJC_MSGSEND = YES;
				ENABLE_TESTABILITY = YES;
				GCC_C_LANGUAGE_STANDARD = gnu11;
				GCC_DYNAMIC_NO_PIC = NO;
				GCC_NO_COMMON_BLOCKS = YES;
				GCC_OPTIMIZATION_LEVEL = 0;
				GCC_PREPROCESSOR_DEFINITIONS = (
					"DEBUG=1",
					"$(inherited)",
				);
				GCC_WARN_64_TO_32_BIT_CONVERSION = YES;
				GCC_WARN_ABOUT_RETURN_TYPE = YES_ERROR;
				GCC_WARN_UNDECLARED_SELECTOR = YES;
				GCC_WARN_UNINITIALIZED_AUTOS = YES_AGGRESSIVE;
				GCC_WARN_UNUSED_FUNCTION = YES;
				GCC_WARN_UNUSED_VARIABLE = YES;
				IPHONEOS_DEPLOYMENT_TARGET = 13.2;
				MTL_ENABLE_DEBUG_INFO = INCLUDE_SOURCE;
				MTL_FAST_MATH = YES;
				ONLY_ACTIVE_ARCH = YES;
				SDKROOT = iphoneos;
				SWIFT_ACTIVE_COMPILATION_CONDITIONS = DEBUG;
				SWIFT_OPTIMIZATION_LEVEL = "-Onone";
			};
			name = Debug;
		};
		023C6F0823C795C300AB470F /* Release */ = {
			isa = XCBuildConfiguration;
			buildSettings = {
				ALWAYS_SEARCH_USER_PATHS = NO;
				CLANG_ANALYZER_NONNULL = YES;
				CLANG_ANALYZER_NUMBER_OBJECT_CONVERSION = YES_AGGRESSIVE;
				CLANG_CXX_LANGUAGE_STANDARD = "gnu++14";
				CLANG_CXX_LIBRARY = "libc++";
				CLANG_ENABLE_MODULES = YES;
				CLANG_ENABLE_OBJC_ARC = YES;
				CLANG_ENABLE_OBJC_WEAK = YES;
				CLANG_WARN_BLOCK_CAPTURE_AUTORELEASING = YES;
				CLANG_WARN_BOOL_CONVERSION = YES;
				CLANG_WARN_COMMA = YES;
				CLANG_WARN_CONSTANT_CONVERSION = YES;
				CLANG_WARN_DEPRECATED_OBJC_IMPLEMENTATIONS = YES;
				CLANG_WARN_DIRECT_OBJC_ISA_USAGE = YES_ERROR;
				CLANG_WARN_DOCUMENTATION_COMMENTS = YES;
				CLANG_WARN_EMPTY_BODY = YES;
				CLANG_WARN_ENUM_CONVERSION = YES;
				CLANG_WARN_INFINITE_RECURSION = YES;
				CLANG_WARN_INT_CONVERSION = YES;
				CLANG_WARN_NON_LITERAL_NULL_CONVERSION = YES;
				CLANG_WARN_OBJC_IMPLICIT_RETAIN_SELF = YES;
				CLANG_WARN_OBJC_LITERAL_CONVERSION = YES;
				CLANG_WARN_OBJC_ROOT_CLASS = YES_ERROR;
				CLANG_WARN_RANGE_LOOP_ANALYSIS = YES;
				CLANG_WARN_STRICT_PROTOTYPES = YES;
				CLANG_WARN_SUSPICIOUS_MOVE = YES;
				CLANG_WARN_UNGUARDED_AVAILABILITY = YES_AGGRESSIVE;
				CLANG_WARN_UNREACHABLE_CODE = YES;
				CLANG_WARN__DUPLICATE_METHOD_MATCH = YES;
				COPY_PHASE_STRIP = NO;
				DEBUG_INFORMATION_FORMAT = "dwarf-with-dsym";
				ENABLE_NS_ASSERTIONS = NO;
				ENABLE_STRICT_OBJC_MSGSEND = YES;
				GCC_C_LANGUAGE_STANDARD = gnu11;
				GCC_NO_COMMON_BLOCKS = YES;
				GCC_WARN_64_TO_32_BIT_CONVERSION = YES;
				GCC_WARN_ABOUT_RETURN_TYPE = YES_ERROR;
				GCC_WARN_UNDECLARED_SELECTOR = YES;
				GCC_WARN_UNINITIALIZED_AUTOS = YES_AGGRESSIVE;
				GCC_WARN_UNUSED_FUNCTION = YES;
				GCC_WARN_UNUSED_VARIABLE = YES;
				IPHONEOS_DEPLOYMENT_TARGET = 13.2;
				MTL_ENABLE_DEBUG_INFO = NO;
				MTL_FAST_MATH = YES;
				SDKROOT = iphoneos;
				SWIFT_COMPILATION_MODE = wholemodule;
				SWIFT_OPTIMIZATION_LEVEL = "-O";
				VALIDATE_PRODUCT = YES;
			};
			name = Release;
		};
		023C6F0A23C795C300AB470F /* Debug */ = {
			isa = XCBuildConfiguration;
			buildSettings = {
				ASSETCATALOG_COMPILER_APPICON_NAME = AppIcon;
				CODE_SIGN_STYLE = Automatic;
				DEVELOPMENT_ASSET_PATHS = "\"Terceira_Aula/Preview Content\"";
				ENABLE_PREVIEWS = YES;
				INFOPLIST_FILE = Terceira_Aula/Info.plist;
				LD_RUNPATH_SEARCH_PATHS = (
					"$(inherited)",
					"@executable_path/Frameworks",
				);
				PRODUCT_BUNDLE_IDENTIFIER = "com.developer.gabrielfanto.Terceira-Aula";
				PRODUCT_NAME = "$(TARGET_NAME)";
				SWIFT_VERSION = 5.0;
				TARGETED_DEVICE_FAMILY = "1,2";
			};
			name = Debug;
		};
		023C6F0B23C795C300AB470F /* Release */ = {
			isa = XCBuildConfiguration;
			buildSettings = {
				ASSETCATALOG_COMPILER_APPICON_NAME = AppIcon;
				CODE_SIGN_STYLE = Automatic;
				DEVELOPMENT_ASSET_PATHS = "\"Terceira_Aula/Preview Content\"";
				ENABLE_PREVIEWS = YES;
				INFOPLIST_FILE = Terceira_Aula/Info.plist;
				LD_RUNPATH_SEARCH_PATHS = (
					"$(inherited)",
					"@executable_path/Frameworks",
				);
				PRODUCT_BUNDLE_IDENTIFIER = "com.developer.gabrielfanto.Terceira-Aula";
				PRODUCT_NAME = "$(TARGET_NAME)";
				SWIFT_VERSION = 5.0;
				TARGETED_DEVICE_FAMILY = "1,2";
			};
			name = Release;
		};
		023C6F0D23C795C300AB470F /* Debug */ = {
			isa = XCBuildConfiguration;
			buildSettings = {
				ALWAYS_EMBED_SWIFT_STANDARD_LIBRARIES = YES;
				BUNDLE_LOADER = "$(TEST_HOST)";
				CODE_SIGN_STYLE = Automatic;
				INFOPLIST_FILE = Terceira_AulaTests/Info.plist;
				IPHONEOS_DEPLOYMENT_TARGET = 13.2;
				LD_RUNPATH_SEARCH_PATHS = (
					"$(inherited)",
					"@executable_path/Frameworks",
					"@loader_path/Frameworks",
				);
				PRODUCT_BUNDLE_IDENTIFIER = "com.developer.gabrielfanto.Terceira-AulaTests";
				PRODUCT_NAME = "$(TARGET_NAME)";
				SWIFT_VERSION = 5.0;
				TARGETED_DEVICE_FAMILY = "1,2";
				TEST_HOST = "$(BUILT_PRODUCTS_DIR)/Terceira_Aula.app/Terceira_Aula";
			};
			name = Debug;
		};
		023C6F0E23C795C300AB470F /* Release */ = {
			isa = XCBuildConfiguration;
			buildSettings = {
				ALWAYS_EMBED_SWIFT_STANDARD_LIBRARIES = YES;
				BUNDLE_LOADER = "$(TEST_HOST)";
				CODE_SIGN_STYLE = Automatic;
				INFOPLIST_FILE = Terceira_AulaTests/Info.plist;
				IPHONEOS_DEPLOYMENT_TARGET = 13.2;
				LD_RUNPATH_SEARCH_PATHS = (
					"$(inherited)",
					"@executable_path/Frameworks",
					"@loader_path/Frameworks",
				);
				PRODUCT_BUNDLE_IDENTIFIER = "com.developer.gabrielfanto.Terceira-AulaTests";
				PRODUCT_NAME = "$(TARGET_NAME)";
				SWIFT_VERSION = 5.0;
				TARGETED_DEVICE_FAMILY = "1,2";
				TEST_HOST = "$(BUILT_PRODUCTS_DIR)/Terceira_Aula.app/Terceira_Aula";
			};
			name = Release;
		};
		023C6F1023C795C300AB470F /* Debug */ = {
			isa = XCBuildConfiguration;
			buildSettings = {
				ALWAYS_EMBED_SWIFT_STANDARD_LIBRARIES = YES;
				CODE_SIGN_STYLE = Automatic;
				INFOPLIST_FILE = Terceira_AulaUITests/Info.plist;
				LD_RUNPATH_SEARCH_PATHS = (
					"$(inherited)",
					"@executable_path/Frameworks",
					"@loader_path/Frameworks",
				);
				PRODUCT_BUNDLE_IDENTIFIER = "com.developer.gabrielfanto.Terceira-AulaUITests";
				PRODUCT_NAME = "$(TARGET_NAME)";
				SWIFT_VERSION = 5.0;
				TARGETED_DEVICE_FAMILY = "1,2";
				TEST_TARGET_NAME = Terceira_Aula;
			};
			name = Debug;
		};
		023C6F1123C795C300AB470F /* Release */ = {
			isa = XCBuildConfiguration;
			buildSettings = {
				ALWAYS_EMBED_SWIFT_STANDARD_LIBRARIES = YES;
				CODE_SIGN_STYLE = Automatic;
				INFOPLIST_FILE = Terceira_AulaUITests/Info.plist;
				LD_RUNPATH_SEARCH_PATHS = (
					"$(inherited)",
					"@executable_path/Frameworks",
					"@loader_path/Frameworks",
				);
				PRODUCT_BUNDLE_IDENTIFIER = "com.developer.gabrielfanto.Terceira-AulaUITests";
				PRODUCT_NAME = "$(TARGET_NAME)";
				SWIFT_VERSION = 5.0;
				TARGETED_DEVICE_FAMILY = "1,2";
				TEST_TARGET_NAME = Terceira_Aula;
			};
			name = Release;
		};
/* End XCBuildConfiguration section */

/* Begin XCConfigurationList section */
		023C6EDA23C795C100AB470F /* Build configuration list for PBXProject "Terceira_Aula" */ = {
			isa = XCConfigurationList;
			buildConfigurations = (
				023C6F0723C795C300AB470F /* Debug */,
				023C6F0823C795C300AB470F /* Release */,
			);
			defaultConfigurationIsVisible = 0;
			defaultConfigurationName = Release;
		};
		023C6F0923C795C300AB470F /* Build configuration list for PBXNativeTarget "Terceira_Aula" */ = {
			isa = XCConfigurationList;
			buildConfigurations = (
				023C6F0A23C795C300AB470F /* Debug */,
				023C6F0B23C795C300AB470F /* Release */,
			);
			defaultConfigurationIsVisible = 0;
			defaultConfigurationName = Release;
		};
		023C6F0C23C795C300AB470F /* Build configuration list for PBXNativeTarget "Terceira_AulaTests" */ = {
			isa = XCConfigurationList;
			buildConfigurations = (
				023C6F0D23C795C300AB470F /* Debug */,
				023C6F0E23C795C300AB470F /* Release */,
			);
			defaultConfigurationIsVisible = 0;
			defaultConfigurationName = Release;
		};
		023C6F0F23C795C300AB470F /* Build configuration list for PBXNativeTarget "Terceira_AulaUITests" */ = {
			isa = XCConfigurationList;
			buildConfigurations = (
				023C6F1023C795C300AB470F /* Debug */,
				023C6F1123C795C300AB470F /* Release */,
			);
			defaultConfigurationIsVisible = 0;
			defaultConfigurationName = Release;
		};
/* End XCConfigurationList section */
	};
	rootObject = 023C6ED723C795C100AB470F /* Project object */;
}
